{
  "name": "labs",
  "version": "1.0.0",
  "lockfileVersion": 2,
  "requires": true,
  "packages": {
    "": {
      "name": "labs",
      "version": "1.0.0",
      "license": "ISC",
      "dependencies": {
        "crc": "^4.3.2",
        "zlib": "^1.0.5"
      },
      "devDependencies": {
        "@types/node": "^18.16.6"
      }
    },
    "node_modules/@types/node": {
      "version": "18.16.6",
      "resolved": "https://registry.npmjs.org/@types/node/-/node-18.16.6.tgz",
      "integrity": "sha512-N7KINmeB8IN3vRR8dhgHEp+YpWvGFcpDoh5XZ8jB5a00AdFKCKEyyGTOPTddUf4JqU1ZKTVxkOxakDvchNVI2Q==",
      "dev": true
    },
    "node_modules/crc": {
      "version": "4.3.2",
      "resolved": "https://registry.npmjs.org/crc/-/crc-4.3.2.tgz",
      "integrity": "sha512-uGDHf4KLLh2zsHa8D8hIQ1H/HtFQhyHrc0uhHBcoKGol/Xnb+MPYfUMw7cvON6ze/GUESTudKayDcJC5HnJv1A==",
      "engines": {
        "node": ">=12"
      },
      "peerDependencies": {
        "buffer": ">=6.0.3"
      },
      "peerDependenciesMeta": {
        "buffer": {
          "optional": true
        }
      }
    },
    "node_modules/zlib": {
      "version": "1.0.5",
      "resolved": "https://registry.npmjs.org/zlib/-/zlib-1.0.5.tgz",
      "integrity": "sha512-40fpE2II+Cd3k8HWTWONfeKE2jL+P42iWJ1zzps5W51qcTsOUKM5Q5m2PFb0CLxlmFAaUuUdJGc3OfZy947v0w==",
      "hasInstallScript": true,
      "engines": {
        "node": ">=0.2.0"
      }
    }
  },
  "dependencies": {
    "@types/node": {
      "version": "18.16.6",
      "resolved": "https://registry.npmjs.org/@types/node/-/node-18.16.6.tgz",
      "integrity": "sha512-N7KINmeB8IN3vRR8dhgHEp+YpWvGFcpDoh5XZ8jB5a00AdFKCKEyyGTOPTddUf4JqU1ZKTVxkOxakDvchNVI2Q==",
      "dev": true
    },
    "crc": {
      "version": "4.3.2",
      "resolved": "https://registry.npmjs.org/crc/-/crc-4.3.2.tgz",
      "integrity": "sha512-uGDHf4KLLh2zsHa8D8hIQ1H/HtFQhyHrc0uhHBcoKGol/Xnb+MPYfUMw7cvON6ze/GUESTudKayDcJC5HnJv1A==",
      "requires": {}
    },
    "zlib": {
      "version": "1.0.5",
      "resolved": "https://registry.npmjs.org/zlib/-/zlib-1.0.5.tgz",
      "integrity": "sha512-40fpE2II+Cd3k8HWTWONfeKE2jL+P42iWJ1zzps5W51qcTsOUKM5Q5m2PFb0CLxlmFAaUuUdJGc3OfZy947v0w=="
    }
  }
}
